
Microsoft Visual Studio Solution File, Format Version 12.00
# Visual Studio Version 17
VisualStudioVersion = 17.5.002.0
MinimumVisualStudioVersion = 10.0.40219.1
Project("{9A19103F-16F7-4668-BE54-9A1E7A4F7556}") = "guess_number", "guess_number.csproj", "{BC0C9E67-10EC-491F-8CFD-D9AD8ABE3263}"
EndProject
Global
	GlobalSection(SolutionConfigurationPlatforms) = preSolution
		Debug|Any CPU = Debug|Any CPU
		Release|Any CPU = Release|Any CPU
	EndGlobalSection
	GlobalSection(ProjectConfigurationPlatforms) = postSolution
		{BC0C9E67-10EC-491F-8CFD-D9AD8ABE3263}.Debug|Any CPU.ActiveCfg = Debug|Any CPU
		{BC0C9E67-10EC-491F-8CFD-D9AD8ABE3263}.Debug|Any CPU.Build.0 = Debug|Any CPU
		{BC0C9E67-10EC-491F-8CFD-D9AD8ABE3263}.Release|Any CPU.ActiveCfg = Release|Any CPU
		{BC0C9E67-10EC-491F-8CFD-D9AD8ABE3263}.Release|Any CPU.Build.0 = Release|Any CPU
	EndGlobalSection
	GlobalSection(SolutionProperties) = preSolution
		HideSolutionNode = FALSE
	EndGlobalSection
	GlobalSection(ExtensibilityGlobals) = postSolution
		SolutionGuid = {A5222457-B82C-4822-AD3D-26A9583A5154}
	EndGlobalSection
EndGlobal
